
Microsoft Visual Studio Solution File, Format Version 12.00
# Visual Studio Version 17
VisualStudioVersion = 17.7.34202.233
MinimumVisualStudioVersion = 10.0.40219.1
Project("{FAE04EC0-301F-11D3-BF4B-00C04F79EFBC}") = "C#Task1MVCMilicaKosanovic", "C#Task1MVCMilicaKosanovic\C#Task1MVCMilicaKosanovic.csproj", "{D594D080-AD4C-4D09-A23A-212BA625E772}"
EndProject
Global
	GlobalSection(SolutionConfigurationPlatforms) = preSolution
		Debug|Any CPU = Debug|Any CPU
		Release|Any CPU = Release|Any CPU
	EndGlobalSection
	GlobalSection(ProjectConfigurationPlatforms) = postSolution
		{D594D080-AD4C-4D09-A23A-212BA625E772}.Debug|Any CPU.ActiveCfg = Debug|Any CPU
		{D594D080-AD4C-4D09-A23A-212BA625E772}.Debug|Any CPU.Build.0 = Debug|Any CPU
		{D594D080-AD4C-4D09-A23A-212BA625E772}.Release|Any CPU.ActiveCfg = Release|Any CPU
		{D594D080-AD4C-4D09-A23A-212BA625E772}.Release|Any CPU.Build.0 = Release|Any CPU
	EndGlobalSection
	GlobalSection(SolutionProperties) = preSolution
		HideSolutionNode = FALSE
	EndGlobalSection
	GlobalSection(ExtensibilityGlobals) = postSolution
		SolutionGuid = {292CEB81-1A2A-4D36-8E41-04B60B12D8FB}
	EndGlobalSection
EndGlobal
